Microsoft Visual Studio Solution File, Format Version 11.00
# Visual Studio 2010
Project("{FAE04EC0-301F-11D3-BF4B-00C04F79EFBC}") = "FubuMVC.Localization", "FubuMVC.Localization\FubuMVC.Localization.csproj", "{3C249185-11C0-47CC-8F92-40888995D88F}"
EndProject
Project("{FAE04EC0-301F-11D3-BF4B-00C04F79EFBC}") = "FubuMVC.Localization.Testing", "FubuMVC.Localization.Testing\FubuMVC.Localization.Testing.csproj", "{822236F9-9199-4C69-886F-DE750CDCBC96}"
EndProject
Global
	GlobalSection(SolutionConfigurationPlatforms) = preSolution
		Debug|Any CPU = Debug|Any CPU
		Release|Any CPU = Release|Any CPU
	EndGlobalSection
	GlobalSection(ProjectConfigurationPlatforms) = postSolution
		{3C249185-11C0-47CC-8F92-40888995D88F}.Debug|Any CPU.ActiveCfg = Debug|Any CPU
		{3C249185-11C0-47CC-8F92-40888995D88F}.Debug|Any CPU.Build.0 = Debug|Any CPU
		{3C249185-11C0-47CC-8F92-40888995D88F}.Release|Any CPU.ActiveCfg = Release|Any CPU
		{3C249185-11C0-47CC-8F92-40888995D88F}.Release|Any CPU.Build.0 = Release|Any CPU
		{822236F9-9199-4C69-886F-DE750CDCBC96}.Debug|Any CPU.ActiveCfg = Debug|Any CPU
		{822236F9-9199-4C69-886F-DE750CDCBC96}.Debug|Any CPU.Build.0 = Debug|Any CPU
		{822236F9-9199-4C69-886F-DE750CDCBC96}.Release|Any CPU.ActiveCfg = Release|Any CPU
		{822236F9-9199-4C69-886F-DE750CDCBC96}.Release|Any CPU.Build.0 = Release|Any CPU
	EndGlobalSection
	GlobalSection(SolutionProperties) = preSolution
		HideSolutionNode = FALSE
	EndGlobalSection
EndGlobal
